
Microsoft Visual Studio Solution File, Format Version 12.00
# Visual Studio Version 16
VisualStudioVersion = 16.0.28803.156
MinimumVisualStudioVersion = 10.0.40219.1
Project("{888888A0-9F3D-457C-B088-3A5042F75D52}") = "KlientiUDP", "KlientiUDP\KlientiUDP.pyproj", "{532C0721-F556-4C15-8B94-F94439FF27E4}"
EndProject
Global
	GlobalSection(SolutionConfigurationPlatforms) = preSolution
		Debug|Any CPU = Debug|Any CPU
		Release|Any CPU = Release|Any CPU
	EndGlobalSection
	GlobalSection(ProjectConfigurationPlatforms) = postSolution
		{532C0721-F556-4C15-8B94-F94439FF27E4}.Debug|Any CPU.ActiveCfg = Debug|Any CPU
		{532C0721-F556-4C15-8B94-F94439FF27E4}.Release|Any CPU.ActiveCfg = Release|Any CPU
	EndGlobalSection
	GlobalSection(SolutionProperties) = preSolution
		HideSolutionNode = FALSE
	EndGlobalSection
	GlobalSection(ExtensibilityGlobals) = postSolution
		SolutionGuid = {A154C1B6-EA97-4BD7-9401-DA3E24182BDB}
	EndGlobalSection
EndGlobal
