
Microsoft Visual Studio Solution File, Format Version 12.00
# Visual Studio Version 16
VisualStudioVersion = 16.0.28803.156
MinimumVisualStudioVersion = 10.0.40219.1
Project("{888888A0-9F3D-457C-B088-3A5042F75D52}") = "ServeriTCP", "ServeriTCP\ServeriTCP.pyproj", "{A596BD63-0775-4B9F-9589-AA0BA6B22164}"
EndProject
Global
	GlobalSection(SolutionConfigurationPlatforms) = preSolution
		Debug|Any CPU = Debug|Any CPU
		Release|Any CPU = Release|Any CPU
	EndGlobalSection
	GlobalSection(ProjectConfigurationPlatforms) = postSolution
		{A596BD63-0775-4B9F-9589-AA0BA6B22164}.Debug|Any CPU.ActiveCfg = Debug|Any CPU
		{A596BD63-0775-4B9F-9589-AA0BA6B22164}.Release|Any CPU.ActiveCfg = Release|Any CPU
	EndGlobalSection
	GlobalSection(SolutionProperties) = preSolution
		HideSolutionNode = FALSE
	EndGlobalSection
	GlobalSection(ExtensibilityGlobals) = postSolution
		SolutionGuid = {B940B40D-9EC9-4112-8992-6677E8431C0F}
	EndGlobalSection
EndGlobal
